github.com/mercadolibre/golang-restclient v0.0.0-20170701022150-51958130a0a0 h1:EDOjA2IGgjSBlPlnW7CzBUo/o410SMiFh670jP29Kc4=
github.com/mercadolibre/golang-restclient v0.0.0-20170701022150-51958130a0a0/go.mod h1:Z7qYja4aGk/RWl1yJtN1LXRvC7Hsbq8SEbqWWDrMqMs=
github.com/migueloli/bookstore_utils-go v0.0.0-20200910185949-87bd49d408ea h1:L5pETklh0/aUk/lnhFTIGdpPxziU2Ts4pK+B6IhQ17E=
github.com/migueloli/bookstore_utils-go v0.0.0-20200910185949-87bd49d408ea/go.mod h1:z3VapPQr2pxIdSoDKgF4ydmwmkRYIuxzRwoluI7vgAk=
